
Microsoft Visual Studio Solution File, Format Version 12.00
# Visual Studio Version 17
VisualStudioVersion = 17.14.36301.6 d17.14
MinimumVisualStudioVersion = 10.0.40219.1
Project("{FAE04EC0-301F-11D3-BF4B-00C04F79EFBC}") = "rfidapp", "rfidapp\rfidapp.csproj", "{59CD15A0-C8D9-4743-B92C-2839837E8150}"
EndProject
Global
	GlobalSection(SolutionConfigurationPlatforms) = preSolution
		Debug|Any CPU = Debug|Any CPU
		Release|Any CPU = Release|Any CPU
	EndGlobalSection
	GlobalSection(ProjectConfigurationPlatforms) = postSolution
		{59CD15A0-C8D9-4743-B92C-2839837E8150}.Debug|Any CPU.ActiveCfg = Debug|Any CPU
		{59CD15A0-C8D9-4743-B92C-2839837E8150}.Debug|Any CPU.Build.0 = Debug|Any CPU
		{59CD15A0-C8D9-4743-B92C-2839837E8150}.Release|Any CPU.ActiveCfg = Release|Any CPU
		{59CD15A0-C8D9-4743-B92C-2839837E8150}.Release|Any CPU.Build.0 = Release|Any CPU
	EndGlobalSection
	GlobalSection(SolutionProperties) = preSolution
		HideSolutionNode = FALSE
	EndGlobalSection
	GlobalSection(ExtensibilityGlobals) = postSolution
		SolutionGuid = {FCC4EE8D-05DD-4067-BDDE-F49BF968D354}
	EndGlobalSection
EndGlobal
