
Microsoft Visual Studio Solution File, Format Version 12.00
# Visual Studio Version 17
VisualStudioVersion = 17.14.36301.6 d17.14
MinimumVisualStudioVersion = 10.0.40219.1
Project("{FAE04EC0-301F-11D3-BF4B-00C04F79EFBC}") = "rfidapp3", "rfidapp3\rfidapp3.csproj", "{C772ADBB-04F9-487B-82E0-0F2E3F1214EC}"
EndProject
Global
	GlobalSection(SolutionConfigurationPlatforms) = preSolution
		Debug|Any CPU = Debug|Any CPU
		Release|Any CPU = Release|Any CPU
	EndGlobalSection
	GlobalSection(ProjectConfigurationPlatforms) = postSolution
		{C772ADBB-04F9-487B-82E0-0F2E3F1214EC}.Debug|Any CPU.ActiveCfg = Debug|Any CPU
		{C772ADBB-04F9-487B-82E0-0F2E3F1214EC}.Debug|Any CPU.Build.0 = Debug|Any CPU
		{C772ADBB-04F9-487B-82E0-0F2E3F1214EC}.Release|Any CPU.ActiveCfg = Release|Any CPU
		{C772ADBB-04F9-487B-82E0-0F2E3F1214EC}.Release|Any CPU.Build.0 = Release|Any CPU
	EndGlobalSection
	GlobalSection(SolutionProperties) = preSolution
		HideSolutionNode = FALSE
	EndGlobalSection
	GlobalSection(ExtensibilityGlobals) = postSolution
		SolutionGuid = {9D37E05B-EE84-4C12-A94F-527815663CE0}
	EndGlobalSection
EndGlobal
